
Microsoft Visual Studio Solution File, Format Version 12.00
# Visual Studio Version 16
VisualStudioVersion = 16.0.31729.503
MinimumVisualStudioVersion = 10.0.40219.1
Project("{FAE04EC0-301F-11D3-BF4B-00C04F79EFBC}") = "W7_Praktikum_Catherine Lim_0706022110002", "W7_Praktikum_Catherine Lim_0706022110002\W7_Praktikum_Catherine Lim_0706022110002.csproj", "{1E1F3F96-102A-48BA-A09C-762D949D2353}"
EndProject
Global
	GlobalSection(SolutionConfigurationPlatforms) = preSolution
		Debug|Any CPU = Debug|Any CPU
		Release|Any CPU = Release|Any CPU
	EndGlobalSection
	GlobalSection(ProjectConfigurationPlatforms) = postSolution
		{1E1F3F96-102A-48BA-A09C-762D949D2353}.Debug|Any CPU.ActiveCfg = Debug|Any CPU
		{1E1F3F96-102A-48BA-A09C-762D949D2353}.Debug|Any CPU.Build.0 = Debug|Any CPU
		{1E1F3F96-102A-48BA-A09C-762D949D2353}.Release|Any CPU.ActiveCfg = Release|Any CPU
		{1E1F3F96-102A-48BA-A09C-762D949D2353}.Release|Any CPU.Build.0 = Release|Any CPU
	EndGlobalSection
	GlobalSection(SolutionProperties) = preSolution
		HideSolutionNode = FALSE
	EndGlobalSection
	GlobalSection(ExtensibilityGlobals) = postSolution
		SolutionGuid = {870685F5-6AE4-4356-B107-9FA04F705C46}
	EndGlobalSection
EndGlobal
